{
  "name": "ingress-router",
  "version": "1.0.0",
  "dependencies": {
    "http-proxy": {
      "version": "1.14.0",
      "from": "http-proxy@>=1.14.0 <2.0.0",
      "resolved": "https://registry.npmjs.org/http-proxy/-/http-proxy-1.14.0.tgz",
      "dependencies": {
        "eventemitter3": {
          "version": "1.2.0",
          "from": "eventemitter3@>=1.0.0 <2.0.0",
          "resolved": "https://registry.npmjs.org/eventemitter3/-/eventemitter3-1.2.0.tgz"
        },
        "requires-port": {
          "version": "1.0.0",
          "from": "requires-port@>=1.0.0 <2.0.0",
          "resolved": "https://registry.npmjs.org/requires-port/-/requires-port-1.0.0.tgz"
        }
      }
    },
    "winston": {
      "version": "2.2.0",
      "from": "winston@>=2.2.0 <3.0.0",
      "resolved": "https://registry.npmjs.org/winston/-/winston-2.2.0.tgz",
      "dependencies": {
        "async": {
          "version": "1.0.0",
          "from": "async@>=1.0.0 <1.1.0",
          "resolved": "https://registry.npmjs.org/async/-/async-1.0.0.tgz"
        },
        "colors": {
          "version": "1.0.3",
          "from": "colors@>=1.0.0 <1.1.0",
          "resolved": "https://registry.npmjs.org/colors/-/colors-1.0.3.tgz"
        },
        "cycle": {
          "version": "1.0.3",
          "from": "cycle@>=1.0.0 <1.1.0",
          "resolved": "https://registry.npmjs.org/cycle/-/cycle-1.0.3.tgz"
        },
        "eyes": {
          "version": "0.1.8",
          "from": "eyes@>=0.1.0 <0.2.0",
          "resolved": "https://registry.npmjs.org/eyes/-/eyes-0.1.8.tgz"
        },
        "isstream": {
          "version": "0.1.2",
          "from": "isstream@>=0.1.0 <0.2.0",
          "resolved": "https://registry.npmjs.org/isstream/-/isstream-0.1.2.tgz"
        },
        "pkginfo": {
          "version": "0.3.1",
          "from": "pkginfo@>=0.3.0 <0.4.0",
          "resolved": "https://registry.npmjs.org/pkginfo/-/pkginfo-0.3.1.tgz"
        },
        "stack-trace": {
          "version": "0.0.9",
          "from": "stack-trace@>=0.0.0 <0.1.0",
          "resolved": "https://registry.npmjs.org/stack-trace/-/stack-trace-0.0.9.tgz"
        }
      }
    }
  }
}
