{
  "name": "swarm-ingress",
  "version": "1.0.0",
  "dependencies": {
    "dockerode": {
      "version": "2.2.10",
      "from": "git+https://github.com/apocas/dockerode.git",
      "resolved": "git+https://github.com/apocas/dockerode.git#c4c30f26fd9b022d8d9dd33e6eff89c2a1b5dec5",
      "dependencies": {
        "docker-modem": {
          "version": "0.3.1",
          "from": "docker-modem@>=0.3.0 <0.4.0",
          "resolved": "https://registry.npmjs.org/docker-modem/-/docker-modem-0.3.1.tgz",
          "dependencies": {
            "JSONStream": {
              "version": "0.10.0",
              "from": "JSONStream@0.10.0",
              "resolved": "https://registry.npmjs.org/JSONStream/-/JSONStream-0.10.0.tgz",
              "dependencies": {
                "jsonparse": {
                  "version": "0.0.5",
                  "from": "jsonparse@0.0.5",
                  "resolved": "https://registry.npmjs.org/jsonparse/-/jsonparse-0.0.5.tgz"
                },
                "through": {
                  "version": "2.3.8",
                  "from": "through@>=2.2.7 <3.0.0",
                  "resolved": "https://registry.npmjs.org/through/-/through-2.3.8.tgz"
                }
              }
            },
            "debug": {
              "version": "0.7.4",
              "from": "debug@>=0.7.4 <0.8.0",
              "resolved": "https://registry.npmjs.org/debug/-/debug-0.7.4.tgz"
            },
            "follow-redirects": {
              "version": "0.0.3",
              "from": "follow-redirects@0.0.3",
              "resolved": "https://registry.npmjs.org/follow-redirects/-/follow-redirects-0.0.3.tgz",
              "dependencies": {
                "underscore": {
                  "version": "1.8.3",
                  "from": "underscore@latest",
                  "resolved": "https://registry.npmjs.org/underscore/-/underscore-1.8.3.tgz"
                }
              }
            },
            "readable-stream": {
              "version": "1.0.34",
              "from": "readable-stream@>=1.0.26-4 <1.1.0",
              "resolved": "https://registry.npmjs.org/readable-stream/-/readable-stream-1.0.34.tgz",
              "dependencies": {
                "core-util-is": {
                  "version": "1.0.2",
                  "from": "core-util-is@>=1.0.0 <1.1.0",
                  "resolved": "https://registry.npmjs.org/core-util-is/-/core-util-is-1.0.2.tgz"
                },
                "isarray": {
                  "version": "0.0.1",
                  "from": "isarray@0.0.1",
                  "resolved": "https://registry.npmjs.org/isarray/-/isarray-0.0.1.tgz"
                },
                "string_decoder": {
                  "version": "0.10.31",
                  "from": "string_decoder@>=0.10.0 <0.11.0",
                  "resolved": "https://registry.npmjs.org/string_decoder/-/string_decoder-0.10.31.tgz"
                },
                "inherits": {
                  "version": "2.0.1",
                  "from": "inherits@>=2.0.1 <2.1.0",
                  "resolved": "https://registry.npmjs.org/inherits/-/inherits-2.0.1.tgz"
                }
              }
            },
            "split-ca": {
              "version": "1.0.1",
              "from": "split-ca@>=1.0.0 <2.0.0",
              "resolved": "https://registry.npmjs.org/split-ca/-/split-ca-1.0.1.tgz"
            }
          }
        }
      }
    },
    "http-proxy": {
      "version": "1.14.0",
      "from": "http-proxy@>=1.14.0 <2.0.0",
      "resolved": "https://registry.npmjs.org/http-proxy/-/http-proxy-1.14.0.tgz",
      "dependencies": {
        "eventemitter3": {
          "version": "1.2.0",
          "from": "eventemitter3@>=1.0.0 <2.0.0",
          "resolved": "https://registry.npmjs.org/eventemitter3/-/eventemitter3-1.2.0.tgz"
        },
        "requires-port": {
          "version": "1.0.0",
          "from": "requires-port@>=1.0.0 <2.0.0",
          "resolved": "https://registry.npmjs.org/requires-port/-/requires-port-1.0.0.tgz"
        }
      }
    },
    "winston": {
      "version": "2.2.0",
      "from": "winston@>=2.2.0 <3.0.0",
      "resolved": "https://registry.npmjs.org/winston/-/winston-2.2.0.tgz",
      "dependencies": {
        "async": {
          "version": "1.0.0",
          "from": "async@>=1.0.0 <1.1.0",
          "resolved": "https://registry.npmjs.org/async/-/async-1.0.0.tgz"
        },
        "colors": {
          "version": "1.0.3",
          "from": "colors@>=1.0.0 <1.1.0",
          "resolved": "https://registry.npmjs.org/colors/-/colors-1.0.3.tgz"
        },
        "cycle": {
          "version": "1.0.3",
          "from": "cycle@>=1.0.0 <1.1.0",
          "resolved": "https://registry.npmjs.org/cycle/-/cycle-1.0.3.tgz"
        },
        "eyes": {
          "version": "0.1.8",
          "from": "eyes@>=0.1.0 <0.2.0",
          "resolved": "https://registry.npmjs.org/eyes/-/eyes-0.1.8.tgz"
        },
        "isstream": {
          "version": "0.1.2",
          "from": "isstream@>=0.1.0 <0.2.0",
          "resolved": "https://registry.npmjs.org/isstream/-/isstream-0.1.2.tgz"
        },
        "pkginfo": {
          "version": "0.3.1",
          "from": "pkginfo@>=0.3.0 <0.4.0",
          "resolved": "https://registry.npmjs.org/pkginfo/-/pkginfo-0.3.1.tgz"
        },
        "stack-trace": {
          "version": "0.0.9",
          "from": "stack-trace@>=0.0.0 <0.1.0",
          "resolved": "https://registry.npmjs.org/stack-trace/-/stack-trace-0.0.9.tgz"
        }
      }
    }
  }
}
